
Microsoft Visual Studio Solution File, Format Version 12.00
# Visual Studio Version 16
VisualStudioVersion = 16.0.29728.190
MinimumVisualStudioVersion = 10.0.40219.1
Project("{FAE04EC0-301F-11D3-BF4B-00C04F79EFBC}") = "RandomTeams", "RandomTeams\RandomTeams.csproj", "{1D52FF82-15F3-449F-8CF3-7892017506F1}"
EndProject
Global
	GlobalSection(SolutionConfigurationPlatforms) = preSolution
		Debug|Any CPU = Debug|Any CPU
		Release|Any CPU = Release|Any CPU
	EndGlobalSection
	GlobalSection(ProjectConfigurationPlatforms) = postSolution
		{1D52FF82-15F3-449F-8CF3-7892017506F1}.Debug|Any CPU.ActiveCfg = Debug|Any CPU
		{1D52FF82-15F3-449F-8CF3-7892017506F1}.Debug|Any CPU.Build.0 = Debug|Any CPU
		{1D52FF82-15F3-449F-8CF3-7892017506F1}.Release|Any CPU.ActiveCfg = Release|Any CPU
		{1D52FF82-15F3-449F-8CF3-7892017506F1}.Release|Any CPU.Build.0 = Release|Any CPU
	EndGlobalSection
	GlobalSection(SolutionProperties) = preSolution
		HideSolutionNode = FALSE
	EndGlobalSection
	GlobalSection(ExtensibilityGlobals) = postSolution
		SolutionGuid = {7F2192EF-EE11-41EE-81D5-7AFAEAD8A58C}
	EndGlobalSection
EndGlobal
